// !$*UTF8*$!
{
	archiveVersion = 1;
	classes = {
	};
	objectVersion = 70;
	objects = {

/* Begin PBXBuildFile section */
		922906D52CFB27F200A4C59E /* HeaderView.swift in Sources */ = {isa = PBXBuildFile; fileRef = 922906D42CFB27F200A4C59E /* HeaderView.swift */; };
		922906D72CFB3C0E00A4C59E /* VolumeSlider.swift in Sources */ = {isa = PBXBuildFile; fileRef = 922906D62CFB3C0E00A4C59E /* VolumeSlider.swift */; };
		9233C0712D097D6100C93F79 /* Result+Async.swift in Sources */ = {isa = PBXBuildFile; fileRef = 9233C0702D097D6100C93F79 /* Result+Async.swift */; };
		92360FCE2C9C4BC4009BAFF6 /* PlayerButtonsShape.swift in Sources */ = {isa = PBXBuildFile; fileRef = 92360FCD2C9C4BC4009BAFF6 /* PlayerButtonsShape.swift */; };
		92360FD12CA0191D009BAFF6 /* FirebaseAuth in Frameworks */ = {isa = PBXBuildFile; productRef = 92360FD02CA0191D009BAFF6 /* FirebaseAuth */; };
		92360FD32CA0191D009BAFF6 /* FirebaseFirestore in Frameworks */ = {isa = PBXBuildFile; productRef = 92360FD22CA0191D009BAFF6 /* FirebaseFirestore */; };
		92360FD52CA01A77009BAFF6 /* GoogleService-Info.plist in Resources */ = {isa = PBXBuildFile; fileRef = 92360FD42CA01A77009BAFF6 /* GoogleService-Info.plist */; };
		9239ACE52D119AEA009B8688 /* SingleWaveView.swift in Sources */ = {isa = PBXBuildFile; fileRef = 9239ACE42D119AEA009B8688 /* SingleWaveView.swift */; };
		923D56662CBD5F3200797F67 /* Station.swift in Sources */ = {isa = PBXBuildFile; fileRef = 923D56652CBD5F3200797F67 /* Station.swift */; };
		923D56692CBD6D4E00797F67 /* NetworkError.swift in Sources */ = {isa = PBXBuildFile; fileRef = 923D56682CBD6D4E00797F67 /* NetworkError.swift */; };
		923D566B2CBD6FCC00797F67 /* Endpoint.swift in Sources */ = {isa = PBXBuildFile; fileRef = 923D566A2CBD6FCC00797F67 /* Endpoint.swift */; };
		924DE1572D0B16FB0063D0AD /* RadioPlayer.swift in Sources */ = {isa = PBXBuildFile; fileRef = 924DE1562D0B16FB0063D0AD /* RadioPlayer.swift */; };
		9252EFD72D22F35100A8A382 /* Array + subscript.swift in Sources */ = {isa = PBXBuildFile; fileRef = 9252EFD62D22F35100A8A382 /* Array + subscript.swift */; };
		9252EFD92D22F43400A8A382 /* Zipper.swift in Sources */ = {isa = PBXBuildFile; fileRef = 9252EFD82D22F43400A8A382 /* Zipper.swift */; };
		925A7DDC2D31732C00DDA3D8 /* FavoritesDataService.swift in Sources */ = {isa = PBXBuildFile; fileRef = 925A7DDB2D31732C00DDA3D8 /* FavoritesDataService.swift */; };
		925A7DE22D31756200DDA3D8 /* FavoriteStationContainer.xcdatamodeld in Sources */ = {isa = PBXBuildFile; fileRef = 925A7DE02D31756200DDA3D8 /* FavoriteStationContainer.xcdatamodeld */; };
		926FCD972D0B413A00D43DA4 /* CellBackground.swift in Sources */ = {isa = PBXBuildFile; fileRef = 926FCD962D0B413A00D43DA4 /* CellBackground.swift */; };
		927482A52CBFBC2000291908 /* TabBarBackground.swift in Sources */ = {isa = PBXBuildFile; fileRef = 927482A42CBFBC2000291908 /* TabBarBackground.swift */; };
		92802C622D29553800F4A047 /* AVPlayer.swift in Sources */ = {isa = PBXBuildFile; fileRef = 92802C612D29553800F4A047 /* AVPlayer.swift */; };
		9281A45C2CB18EDC00F42612 /* ConnectWithView.swift in Sources */ = {isa = PBXBuildFile; fileRef = 9281A45B2CB18EDC00F42612 /* ConnectWithView.swift */; };
		9281A45F2CB190C900F42612 /* Button+AsyncAction.swift in Sources */ = {isa = PBXBuildFile; fileRef = 9281A45E2CB190C900F42612 /* Button+AsyncAction.swift */; };
		9293BBFF2D0C287300F67044 /* PlayButtonView.swift in Sources */ = {isa = PBXBuildFile; fileRef = 9293BBFE2D0C287300F67044 /* PlayButtonView.swift */; };
		9293BC012D0C288B00F67044 /* TrackButtonsView.swift in Sources */ = {isa = PBXBuildFile; fileRef = 9293BC002D0C288B00F67044 /* TrackButtonsView.swift */; };
		92A66F362CA599E700ACD36C /* Models.swift in Sources */ = {isa = PBXBuildFile; fileRef = 92A66F352CA599E700ACD36C /* Models.swift */; };
		92BACF422CAFF4F800DC3C34 /* NetworkService.swift in Sources */ = {isa = PBXBuildFile; fileRef = 92BACF412CAFF4F800DC3C34 /* NetworkService.swift */; };
		92BACF442CAFF52B00DC3C34 /* FactorySpy.swift in Sources */ = {isa = PBXBuildFile; fileRef = 92BACF432CAFF52B00DC3C34 /* FactorySpy.swift */; };
		92BB02E72D1846070054CA75 /* FavoritesView.swift in Sources */ = {isa = PBXBuildFile; fileRef = 92BB02E62D1846070054CA75 /* FavoritesView.swift */; };
		92D14A3A2D197BAE00E56BDE /* FavoritesViewModel.swift in Sources */ = {isa = PBXBuildFile; fileRef = 92D14A392D197BAE00E56BDE /* FavoritesViewModel.swift */; };
		92D14A3F2D197DA000E56BDE /* FavoritesContentView.swift in Sources */ = {isa = PBXBuildFile; fileRef = 92D14A3E2D197DA000E56BDE /* FavoritesContentView.swift */; };
		92E07D022C86101400B59386 /* LiveRadioAppApp.swift in Sources */ = {isa = PBXBuildFile; fileRef = 92E07D012C86101400B59386 /* LiveRadioAppApp.swift */; };
		92E07D062C86101500B59386 /* Assets.xcassets in Resources */ = {isa = PBXBuildFile; fileRef = 92E07D052C86101500B59386 /* Assets.xcassets */; };
		92E07D0A2C86101500B59386 /* Preview Assets.xcassets in Resources */ = {isa = PBXBuildFile; fileRef = 92E07D092C86101500B59386 /* Preview Assets.xcassets */; };
		92E07D232C86109000B59386 /* BackgroundView.swift in Sources */ = {isa = PBXBuildFile; fileRef = 92E07D102C86109000B59386 /* BackgroundView.swift */; };
		92E07D242C86109000B59386 /* OnboardingContentView.swift in Sources */ = {isa = PBXBuildFile; fileRef = 92E07D112C86109000B59386 /* OnboardingContentView.swift */; };
		92E07D252C86109000B59386 /* OnboardingView.swift in Sources */ = {isa = PBXBuildFile; fileRef = 92E07D122C86109000B59386 /* OnboardingView.swift */; };
		92E07D262C86109000B59386 /* OnboardingViewModel.swift in Sources */ = {isa = PBXBuildFile; fileRef = 92E07D132C86109000B59386 /* OnboardingViewModel.swift */; };
		92E07D272C86109000B59386 /* RootCoordinator.swift in Sources */ = {isa = PBXBuildFile; fileRef = 92E07D152C86109000B59386 /* RootCoordinator.swift */; };
		92E07D282C86109000B59386 /* RootCoordinatorView.swift in Sources */ = {isa = PBXBuildFile; fileRef = 92E07D162C86109000B59386 /* RootCoordinatorView.swift */; };
		92E07D292C86109000B59386 /* RootFactory.swift in Sources */ = {isa = PBXBuildFile; fileRef = 92E07D172C86109000B59386 /* RootFactory.swift */; };
		92E07D2A2C86109000B59386 /* SignInView.swift in Sources */ = {isa = PBXBuildFile; fileRef = 92E07D192C86109000B59386 /* SignInView.swift */; };
		92E07D2B2C86109000B59386 /* TabBarCell.swift in Sources */ = {isa = PBXBuildFile; fileRef = 92E07D1B2C86109000B59386 /* TabBarCell.swift */; };
		92E07D2C2C86109000B59386 /* PopularContentView.swift in Sources */ = {isa = PBXBuildFile; fileRef = 92E07D1C2C86109000B59386 /* PopularContentView.swift */; };
		92E07D2D2C86109000B59386 /* PopularView.swift in Sources */ = {isa = PBXBuildFile; fileRef = 92E07D1D2C86109000B59386 /* PopularView.swift */; };
		92E07D2E2C86109000B59386 /* PopularViewModel.swift in Sources */ = {isa = PBXBuildFile; fileRef = 92E07D1F2C86109000B59386 /* PopularViewModel.swift */; };
		92E07D322C8610BE00B59386 /* CustomFontModifier.swift in Sources */ = {isa = PBXBuildFile; fileRef = 92E07D302C8610BE00B59386 /* CustomFontModifier.swift */; };
		92E07D362C884D6900B59386 /* AuthTextField.swift in Sources */ = {isa = PBXBuildFile; fileRef = 92E07D352C884D6900B59386 /* AuthTextField.swift */; };
		92E07D3A2C8888DD00B59386 /* Montserrat-Italic-VariableFont_wght.ttf in Resources */ = {isa = PBXBuildFile; fileRef = 92E07D382C8888DD00B59386 /* Montserrat-Italic-VariableFont_wght.ttf */; };
		92E07D3B2C8888DD00B59386 /* Montserrat-VariableFont_wght.ttf in Resources */ = {isa = PBXBuildFile; fileRef = 92E07D392C8888DD00B59386 /* Montserrat-VariableFont_wght.ttf */; };
		92E07D3E2C888FCF00B59386 /* ButtonAuth.swift in Sources */ = {isa = PBXBuildFile; fileRef = 92E07D3D2C888FCF00B59386 /* ButtonAuth.swift */; };
		92E07D402C8AE96700B59386 /* TestView.swift in Sources */ = {isa = PBXBuildFile; fileRef = 92E07D3F2C8AE96700B59386 /* TestView.swift */; };
		92E07D432C8B077C00B59386 /* SignUpView.swift in Sources */ = {isa = PBXBuildFile; fileRef = 92E07D422C8B077C00B59386 /* SignUpView.swift */; };
		92E07D452C8B2CB300B59386 /* ForgotPasswordView.swift in Sources */ = {isa = PBXBuildFile; fileRef = 92E07D442C8B2CB300B59386 /* ForgotPasswordView.swift */; };
		92E07D482C8B35E700B59386 /* BackButton.swift in Sources */ = {isa = PBXBuildFile; fileRef = 92E07D472C8B35E700B59386 /* BackButton.swift */; };
		92E07D4C2C8B39D600B59386 /* ForgotPasswordView2.swift in Sources */ = {isa = PBXBuildFile; fileRef = 92E07D4B2C8B39D600B59386 /* ForgotPasswordView2.swift */; };
		92E07D9F2C8DFD1400B59386 /* AuthorizationViewModel.swift in Sources */ = {isa = PBXBuildFile; fileRef = 92E07D9E2C8DFD1400B59386 /* AuthorizationViewModel.swift */; };
		92E07DA22C8DFDDC00B59386 /* AuthorizationContentView.swift in Sources */ = {isa = PBXBuildFile; fileRef = 92E07DA12C8DFDDC00B59386 /* AuthorizationContentView.swift */; };
		92E07DDD2C9842F200B59386 /* ArrowButton.swift in Sources */ = {isa = PBXBuildFile; fileRef = 92E07DDC2C9842F200B59386 /* ArrowButton.swift */; };
		92E07DE02C98600D00B59386 /* TabBarView.swift in Sources */ = {isa = PBXBuildFile; fileRef = 92E07DDF2C98600D00B59386 /* TabBarView.swift */; };
		92E07DE62C9AF98F00B59386 /* DetailsView.swift in Sources */ = {isa = PBXBuildFile; fileRef = 92E07DE52C9AF98F00B59386 /* DetailsView.swift */; };
		92E07DE82C9AFAB900B59386 /* DetailsContentView.swift in Sources */ = {isa = PBXBuildFile; fileRef = 92E07DE72C9AFAB900B59386 /* DetailsContentView.swift */; };
		92E07DEA2C9AFAC600B59386 /* DetailsViewModel.swift in Sources */ = {isa = PBXBuildFile; fileRef = 92E07DE92C9AFAC600B59386 /* DetailsViewModel.swift */; };
		92E07DED2C9B1C8900B59386 /* PlayerView.swift in Sources */ = {isa = PBXBuildFile; fileRef = 92E07DEC2C9B1C8900B59386 /* PlayerView.swift */; };
		EEECC6C82C91FADB00BA6EB4 /* MainBackground.swift in Sources */ = {isa = PBXBuildFile; fileRef = EEECC6C72C91FADB00BA6EB4 /* MainBackground.swift */; };
/* End PBXBuildFile section */

/* Begin PBXContainerItemProxy section */
		920A01692CFEE8280068EDD0 /* PBXContainerItemProxy */ = {
			isa = PBXContainerItemProxy;
			containerPortal = 92E07CF62C86101400B59386 /* Project object */;
			proxyType = 1;
			remoteGlobalIDString = 92E07CFD2C86101400B59386;
			remoteInfo = LiveRadioApp;
		};
/* End PBXContainerItemProxy section */

/* Begin PBXFileReference section */
		920A01652CFEE8280068EDD0 /* NetworkServiceTests.xctest */ = {isa = PBXFileReference; explicitFileType = wrapper.cfbundle; includeInIndex = 0; path = NetworkServiceTests.xctest; sourceTree = BUILT_PRODUCTS_DIR; };
		922906D42CFB27F200A4C59E /* HeaderView.swift */ = {isa = PBXFileReference; lastKnownFileType = sourcecode.swift; path = HeaderView.swift; sourceTree = "<group>"; };
		922906D62CFB3C0E00A4C59E /* VolumeSlider.swift */ = {isa = PBXFileReference; lastKnownFileType = sourcecode.swift; path = VolumeSlider.swift; sourceTree = "<group>"; };
		9233C0702D097D6100C93F79 /* Result+Async.swift */ = {isa = PBXFileReference; lastKnownFileType = sourcecode.swift; path = "Result+Async.swift"; sourceTree = "<group>"; };
		92360FCD2C9C4BC4009BAFF6 /* PlayerButtonsShape.swift */ = {isa = PBXFileReference; lastKnownFileType = sourcecode.swift; path = PlayerButtonsShape.swift; sourceTree = "<group>"; };
		92360FD42CA01A77009BAFF6 /* GoogleService-Info.plist */ = {isa = PBXFileReference; fileEncoding = 4; lastKnownFileType = text.plist.xml; path = "GoogleService-Info.plist"; sourceTree = "<group>"; };
		9239ACE42D119AEA009B8688 /* SingleWaveView.swift */ = {isa = PBXFileReference; lastKnownFileType = sourcecode.swift; path = SingleWaveView.swift; sourceTree = "<group>"; };
		923D56652CBD5F3200797F67 /* Station.swift */ = {isa = PBXFileReference; lastKnownFileType = sourcecode.swift; path = Station.swift; sourceTree = "<group>"; };
		923D56682CBD6D4E00797F67 /* NetworkError.swift */ = {isa = PBXFileReference; lastKnownFileType = sourcecode.swift; path = NetworkError.swift; sourceTree = "<group>"; };
		923D566A2CBD6FCC00797F67 /* Endpoint.swift */ = {isa = PBXFileReference; lastKnownFileType = sourcecode.swift; path = Endpoint.swift; sourceTree = "<group>"; };
		924DE1562D0B16FB0063D0AD /* RadioPlayer.swift */ = {isa = PBXFileReference; lastKnownFileType = sourcecode.swift; path = RadioPlayer.swift; sourceTree = "<group>"; };
		9252EFD62D22F35100A8A382 /* Array + subscript.swift */ = {isa = PBXFileReference; lastKnownFileType = sourcecode.swift; path = "Array + subscript.swift"; sourceTree = "<group>"; };
		9252EFD82D22F43400A8A382 /* Zipper.swift */ = {isa = PBXFileReference; lastKnownFileType = sourcecode.swift; path = Zipper.swift; sourceTree = "<group>"; };
		925A7DDB2D31732C00DDA3D8 /* FavoritesDataService.swift */ = {isa = PBXFileReference; lastKnownFileType = sourcecode.swift; path = FavoritesDataService.swift; sourceTree = "<group>"; };
		925A7DE12D31756200DDA3D8 /* FavoriteStationContainer.xcdatamodel */ = {isa = PBXFileReference; lastKnownFileType = wrapper.xcdatamodel; path = FavoriteStationContainer.xcdatamodel; sourceTree = "<group>"; };
		926FCD962D0B413A00D43DA4 /* CellBackground.swift */ = {isa = PBXFileReference; lastKnownFileType = sourcecode.swift; path = CellBackground.swift; sourceTree = "<group>"; };
		927482A42CBFBC2000291908 /* TabBarBackground.swift */ = {isa = PBXFileReference; lastKnownFileType = sourcecode.swift; path = TabBarBackground.swift; sourceTree = "<group>"; };
		92802C612D29553800F4A047 /* AVPlayer.swift */ = {isa = PBXFileReference; lastKnownFileType = sourcecode.swift; path = AVPlayer.swift; sourceTree = "<group>"; };
		9281A45B2CB18EDC00F42612 /* ConnectWithView.swift */ = {isa = PBXFileReference; lastKnownFileType = sourcecode.swift; path = ConnectWithView.swift; sourceTree = "<group>"; };
		9281A45E2CB190C900F42612 /* Button+AsyncAction.swift */ = {isa = PBXFileReference; lastKnownFileType = sourcecode.swift; path = "Button+AsyncAction.swift"; sourceTree = "<group>"; };
		9293BBFE2D0C287300F67044 /* PlayButtonView.swift */ = {isa = PBXFileReference; lastKnownFileType = sourcecode.swift; path = PlayButtonView.swift; sourceTree = "<group>"; };
		9293BC002D0C288B00F67044 /* TrackButtonsView.swift */ = {isa = PBXFileReference; lastKnownFileType = sourcecode.swift; path = TrackButtonsView.swift; sourceTree = "<group>"; };
		92A66F352CA599E700ACD36C /* Models.swift */ = {isa = PBXFileReference; lastKnownFileType = sourcecode.swift; path = Models.swift; sourceTree = "<group>"; };
		92BACF412CAFF4F800DC3C34 /* NetworkService.swift */ = {isa = PBXFileReference; lastKnownFileType = sourcecode.swift; path = NetworkService.swift; sourceTree = "<group>"; };
		92BACF432CAFF52B00DC3C34 /* FactorySpy.swift */ = {isa = PBXFileReference; lastKnownFileType = sourcecode.swift; path = FactorySpy.swift; sourceTree = "<group>"; };
		92BB02E62D1846070054CA75 /* FavoritesView.swift */ = {isa = PBXFileReference; lastKnownFileType = sourcecode.swift; path = FavoritesView.swift; sourceTree = "<group>"; };
		92D14A392D197BAE00E56BDE /* FavoritesViewModel.swift */ = {isa = PBXFileReference; lastKnownFileType = sourcecode.swift; path = FavoritesViewModel.swift; sourceTree = "<group>"; };
		92D14A3E2D197DA000E56BDE /* FavoritesContentView.swift */ = {isa = PBXFileReference; lastKnownFileType = sourcecode.swift; path = FavoritesContentView.swift; sourceTree = "<group>"; };
		92E07CFE2C86101400B59386 /* LiveRadioApp.app */ = {isa = PBXFileReference; explicitFileType = wrapper.application; includeInIndex = 0; path = LiveRadioApp.app; sourceTree = BUILT_PRODUCTS_DIR; };
		92E07D012C86101400B59386 /* LiveRadioAppApp.swift */ = {isa = PBXFileReference; lastKnownFileType = sourcecode.swift; path = LiveRadioAppApp.swift; sourceTree = "<group>"; };
		92E07D052C86101500B59386 /* Assets.xcassets */ = {isa = PBXFileReference; lastKnownFileType = folder.assetcatalog; path = Assets.xcassets; sourceTree = "<group>"; };
		92E07D072C86101500B59386 /* LiveRadioApp.entitlements */ = {isa = PBXFileReference; lastKnownFileType = text.plist.entitlements; path = LiveRadioApp.entitlements; sourceTree = "<group>"; };
		92E07D092C86101500B59386 /* Preview Assets.xcassets */ = {isa = PBXFileReference; lastKnownFileType = folder.assetcatalog; path = "Preview Assets.xcassets"; sourceTree = "<group>"; };
		92E07D102C86109000B59386 /* BackgroundView.swift */ = {isa = PBXFileReference; fileEncoding = 4; lastKnownFileType = sourcecode.swift; path = BackgroundView.swift; sourceTree = "<group>"; };
		92E07D112C86109000B59386 /* OnboardingContentView.swift */ = {isa = PBXFileReference; fileEncoding = 4; lastKnownFileType = sourcecode.swift; path = OnboardingContentView.swift; sourceTree = "<group>"; };
		92E07D122C86109000B59386 /* OnboardingView.swift */ = {isa = PBXFileReference; fileEncoding = 4; lastKnownFileType = sourcecode.swift; path = OnboardingView.swift; sourceTree = "<group>"; };
		92E07D132C86109000B59386 /* OnboardingViewModel.swift */ = {isa = PBXFileReference; fileEncoding = 4; lastKnownFileType = sourcecode.swift; path = OnboardingViewModel.swift; sourceTree = "<group>"; };
		92E07D152C86109000B59386 /* RootCoordinator.swift */ = {isa = PBXFileReference; fileEncoding = 4; lastKnownFileType = sourcecode.swift; path = RootCoordinator.swift; sourceTree = "<group>"; };
		92E07D162C86109000B59386 /* RootCoordinatorView.swift */ = {isa = PBXFileReference; fileEncoding = 4; lastKnownFileType = sourcecode.swift; path = RootCoordinatorView.swift; sourceTree = "<group>"; };
		92E07D172C86109000B59386 /* RootFactory.swift */ = {isa = PBXFileReference; fileEncoding = 4; lastKnownFileType = sourcecode.swift; path = RootFactory.swift; sourceTree = "<group>"; };
		92E07D192C86109000B59386 /* SignInView.swift */ = {isa = PBXFileReference; fileEncoding = 4; lastKnownFileType = sourcecode.swift; path = SignInView.swift; sourceTree = "<group>"; };
		92E07D1B2C86109000B59386 /* TabBarCell.swift */ = {isa = PBXFileReference; fileEncoding = 4; lastKnownFileType = sourcecode.swift; path = TabBarCell.swift; sourceTree = "<group>"; };
		92E07D1C2C86109000B59386 /* PopularContentView.swift */ = {isa = PBXFileReference; fileEncoding = 4; lastKnownFileType = sourcecode.swift; path = PopularContentView.swift; sourceTree = "<group>"; };
		92E07D1D2C86109000B59386 /* PopularView.swift */ = {isa = PBXFileReference; fileEncoding = 4; lastKnownFileType = sourcecode.swift; path = PopularView.swift; sourceTree = "<group>"; };
		92E07D1F2C86109000B59386 /* PopularViewModel.swift */ = {isa = PBXFileReference; fileEncoding = 4; lastKnownFileType = sourcecode.swift; path = PopularViewModel.swift; sourceTree = "<group>"; };
		92E07D302C8610BE00B59386 /* CustomFontModifier.swift */ = {isa = PBXFileReference; fileEncoding = 4; lastKnownFileType = sourcecode.swift; path = CustomFontModifier.swift; sourceTree = "<group>"; };
		92E07D352C884D6900B59386 /* AuthTextField.swift */ = {isa = PBXFileReference; lastKnownFileType = sourcecode.swift; path = AuthTextField.swift; sourceTree = "<group>"; };
		92E07D382C8888DD00B59386 /* Montserrat-Italic-VariableFont_wght.ttf */ = {isa = PBXFileReference; lastKnownFileType = file; path = "Montserrat-Italic-VariableFont_wght.ttf"; sourceTree = "<group>"; };
		92E07D392C8888DD00B59386 /* Montserrat-VariableFont_wght.ttf */ = {isa = PBXFileReference; lastKnownFileType = file; path = "Montserrat-VariableFont_wght.ttf"; sourceTree = "<group>"; };
		92E07D3C2C888A6300B59386 /* Info.plist */ = {isa = PBXFileReference; lastKnownFileType = text.plist; path = Info.plist; sourceTree = "<group>"; };
		92E07D3D2C888FCF00B59386 /* ButtonAuth.swift */ = {isa = PBXFileReference; lastKnownFileType = sourcecode.swift; path = ButtonAuth.swift; sourceTree = "<group>"; };
		92E07D3F2C8AE96700B59386 /* TestView.swift */ = {isa = PBXFileReference; lastKnownFileType = sourcecode.swift; path = TestView.swift; sourceTree = "<group>"; };
		92E07D422C8B077C00B59386 /* SignUpView.swift */ = {isa = PBXFileReference; lastKnownFileType = sourcecode.swift; path = SignUpView.swift; sourceTree = "<group>"; };
		92E07D442C8B2CB300B59386 /* ForgotPasswordView.swift */ = {isa = PBXFileReference; lastKnownFileType = sourcecode.swift; path = ForgotPasswordView.swift; sourceTree = "<group>"; };
		92E07D472C8B35E700B59386 /* BackButton.swift */ = {isa = PBXFileReference; lastKnownFileType = sourcecode.swift; path = BackButton.swift; sourceTree = "<group>"; };
		92E07D4B2C8B39D600B59386 /* ForgotPasswordView2.swift */ = {isa = PBXFileReference; lastKnownFileType = sourcecode.swift; path = ForgotPasswordView2.swift; sourceTree = "<group>"; };
		92E07D9E2C8DFD1400B59386 /* AuthorizationViewModel.swift */ = {isa = PBXFileReference; lastKnownFileType = sourcecode.swift; path = AuthorizationViewModel.swift; sourceTree = "<group>"; };
		92E07DA12C8DFDDC00B59386 /* AuthorizationContentView.swift */ = {isa = PBXFileReference; lastKnownFileType = sourcecode.swift; path = AuthorizationContentView.swift; sourceTree = "<group>"; };
		92E07DA62C905FB200B59386 /* Questions.md */ = {isa = PBXFileReference; lastKnownFileType = net.daringfireball.markdown; path = Questions.md; sourceTree = "<group>"; };
		92E07DDC2C9842F200B59386 /* ArrowButton.swift */ = {isa = PBXFileReference; lastKnownFileType = sourcecode.swift; path = ArrowButton.swift; sourceTree = "<group>"; };
		92E07DDF2C98600D00B59386 /* TabBarView.swift */ = {isa = PBXFileReference; lastKnownFileType = sourcecode.swift; path = TabBarView.swift; sourceTree = "<group>"; };
		92E07DE52C9AF98F00B59386 /* DetailsView.swift */ = {isa = PBXFileReference; lastKnownFileType = sourcecode.swift; path = DetailsView.swift; sourceTree = "<group>"; };
		92E07DE72C9AFAB900B59386 /* DetailsContentView.swift */ = {isa = PBXFileReference; lastKnownFileType = sourcecode.swift; path = DetailsContentView.swift; sourceTree = "<group>"; };
		92E07DE92C9AFAC600B59386 /* DetailsViewModel.swift */ = {isa = PBXFileReference; lastKnownFileType = sourcecode.swift; path = DetailsViewModel.swift; sourceTree = "<group>"; };
		92E07DEC2C9B1C8900B59386 /* PlayerView.swift */ = {isa = PBXFileReference; lastKnownFileType = sourcecode.swift; path = PlayerView.swift; sourceTree = "<group>"; };
		EEECC6C72C91FADB00BA6EB4 /* MainBackground.swift */ = {isa = PBXFileReference; lastKnownFileType = sourcecode.swift; path = MainBackground.swift; sourceTree = "<group>"; };
/* End PBXFileReference section */

/* Begin PBXFileSystemSynchronizedRootGroup section */
		920A01662CFEE8280068EDD0 /* NetworkServiceTests */ = {isa = PBXFileSystemSynchronizedRootGroup; explicitFileTypes = {}; explicitFolders = (); path = NetworkServiceTests; sourceTree = "<group>"; };
/* End PBXFileSystemSynchronizedRootGroup section */

/* Begin PBXFrameworksBuildPhase section */
		920A01622CFEE8280068EDD0 /* Frameworks */ = {
			isa = PBXFrameworksBuildPhase;
			buildActionMask = 2147483647;
			files = (
			);
			runOnlyForDeploymentPostprocessing = 0;
		};
		92E07CFB2C86101400B59386 /* Frameworks */ = {
			isa = PBXFrameworksBuildPhase;
			buildActionMask = 2147483647;
			files = (
				92360FD12CA0191D009BAFF6 /* FirebaseAuth in Frameworks */,
				92360FD32CA0191D009BAFF6 /* FirebaseFirestore in Frameworks */,
			);
			runOnlyForDeploymentPostprocessing = 0;
		};
/* End PBXFrameworksBuildPhase section */

/* Begin PBXGroup section */
		922906D32CFB27D600A4C59E /* Elements */ = {
			isa = PBXGroup;
			children = (
				926FCD962D0B413A00D43DA4 /* CellBackground.swift */,
				922906D42CFB27F200A4C59E /* HeaderView.swift */,
				922906D62CFB3C0E00A4C59E /* VolumeSlider.swift */,
			);
			path = Elements;
			sourceTree = "<group>";
		};
		923D56642CBD5EAC00797F67 /* Network */ = {
			isa = PBXGroup;
			children = (
				925A7DE92D32AD3100DDA3D8 /* Helpers */,
				92BACF412CAFF4F800DC3C34 /* NetworkService.swift */,
				923D566A2CBD6FCC00797F67 /* Endpoint.swift */,
				923D56652CBD5F3200797F67 /* Station.swift */,
				923D56682CBD6D4E00797F67 /* NetworkError.swift */,
			);
			path = Network;
			sourceTree = "<group>";
		};
		923D566E2CBD70C000797F67 /* FactorySpy */ = {
			isa = PBXGroup;
			children = (
				92BACF432CAFF52B00DC3C34 /* FactorySpy.swift */,
			);
			path = FactorySpy;
			sourceTree = "<group>";
		};
		924DE1552D0B166E0063D0AD /* RadioPlayer */ = {
			isa = PBXGroup;
			children = (
				924DE1562D0B16FB0063D0AD /* RadioPlayer.swift */,
				9252EFD82D22F43400A8A382 /* Zipper.swift */,
				92E07DEB2C9B194700B59386 /* Views */,
			);
			path = RadioPlayer;
			sourceTree = "<group>";
		};
		9252EFD52D22F34600A8A382 /* Extensions */ = {
			isa = PBXGroup;
			children = (
				92802C612D29553800F4A047 /* AVPlayer.swift */,
				9252EFD62D22F35100A8A382 /* Array + subscript.swift */,
			);
			path = Extensions;
			sourceTree = "<group>";
		};
		925A7DDF2D3173B500DDA3D8 /* DataService */ = {
			isa = PBXGroup;
			children = (
				925A7DDB2D31732C00DDA3D8 /* FavoritesDataService.swift */,
				925A7DE02D31756200DDA3D8 /* FavoriteStationContainer.xcdatamodeld */,
			);
			path = DataService;
			sourceTree = "<group>";
		};
		925A7DE92D32AD3100DDA3D8 /* Helpers */ = {
			isa = PBXGroup;
			children = (
				9233C0702D097D6100C93F79 /* Result+Async.swift */,
			);
			path = Helpers;
			sourceTree = "<group>";
		};
		927482A32CBF94E900291908 /* ContentView */ = {
			isa = PBXGroup;
			children = (
				92E07D1C2C86109000B59386 /* PopularContentView.swift */,
			);
			path = ContentView;
			sourceTree = "<group>";
		};
		9281A45D2CB190AD00F42612 /* Extensions */ = {
			isa = PBXGroup;
			children = (
				9281A45E2CB190C900F42612 /* Button+AsyncAction.swift */,
			);
			path = Extensions;
			sourceTree = "<group>";
		};
		92A66F332CA5994F00ACD36C /* Model */ = {
			isa = PBXGroup;
			children = (
				92A66F352CA599E700ACD36C /* Models.swift */,
			);
			path = Model;
			sourceTree = "<group>";
		};
		92BACF402CAFF4C300DC3C34 /* Services */ = {
			isa = PBXGroup;
			children = (
				925A7DDF2D3173B500DDA3D8 /* DataService */,
				924DE1552D0B166E0063D0AD /* RadioPlayer */,
				92E07D182C86109000B59386 /* Root */,
				923D56642CBD5EAC00797F67 /* Network */,
				923D566E2CBD70C000797F67 /* FactorySpy */,
			);
			path = Services;
			sourceTree = "<group>";
		};
		92BB02E52D1844980054CA75 /* Favorites */ = {
			isa = PBXGroup;
			children = (
				92D14A3D2D197D9200E56BDE /* ContentView */,
				92D14A3B2D197CD600E56BDE /* View */,
				92D14A3C2D197CDD00E56BDE /* ViewModel */,
			);
			path = Favorites;
			sourceTree = "<group>";
		};
		92D14A3B2D197CD600E56BDE /* View */ = {
			isa = PBXGroup;
			children = (
				92BB02E62D1846070054CA75 /* FavoritesView.swift */,
			);
			path = View;
			sourceTree = "<group>";
		};
		92D14A3C2D197CDD00E56BDE /* ViewModel */ = {
			isa = PBXGroup;
			children = (
				92D14A392D197BAE00E56BDE /* FavoritesViewModel.swift */,
			);
			path = ViewModel;
			sourceTree = "<group>";
		};
		92D14A3D2D197D9200E56BDE /* ContentView */ = {
			isa = PBXGroup;
			children = (
				92D14A3E2D197DA000E56BDE /* FavoritesContentView.swift */,
			);
			path = ContentView;
			sourceTree = "<group>";
		};
		92E07CF52C86101400B59386 = {
			isa = PBXGroup;
			children = (
				92E07D002C86101400B59386 /* LiveRadioApp */,
				920A01662CFEE8280068EDD0 /* NetworkServiceTests */,
				92E07CFF2C86101400B59386 /* Products */,
			);
			sourceTree = "<group>";
		};
		92E07CFF2C86101400B59386 /* Products */ = {
			isa = PBXGroup;
			children = (
				92E07CFE2C86101400B59386 /* LiveRadioApp.app */,
				920A01652CFEE8280068EDD0 /* NetworkServiceTests.xctest */,
			);
			name = Products;
			sourceTree = "<group>";
		};
		92E07D002C86101400B59386 /* LiveRadioApp */ = {
			isa = PBXGroup;
			children = (
				9252EFD52D22F34600A8A382 /* Extensions */,
				92E07DA62C905FB200B59386 /* Questions.md */,
				92E07D072C86101500B59386 /* LiveRadioApp.entitlements */,
				92E07D012C86101400B59386 /* LiveRadioAppApp.swift */,
				92360FD42CA01A77009BAFF6 /* GoogleService-Info.plist */,
				92E07D3C2C888A6300B59386 /* Info.plist */,
				92E07D222C86109000B59386 /* Popular */,
				92BB02E52D1844980054CA75 /* Favorites */,
				92BACF402CAFF4C300DC3C34 /* Services */,
				92E07DDE2C985FFA00B59386 /* TabBar */,
				92E07DE42C9AD51200B59386 /* Details */,
				92E07D1A2C86109000B59386 /* Authorization */,
				92E07D142C86109000B59386 /* Onboarding */,
				92E07D372C8888C600B59386 /* Resources */,
				92E07D082C86101500B59386 /* Preview Content */,
			);
			path = LiveRadioApp;
			sourceTree = "<group>";
		};
		92E07D082C86101500B59386 /* Preview Content */ = {
			isa = PBXGroup;
			children = (
				92E07D092C86101500B59386 /* Preview Assets.xcassets */,
			);
			path = "Preview Content";
			sourceTree = "<group>";
		};
		92E07D142C86109000B59386 /* Onboarding */ = {
			isa = PBXGroup;
			children = (
				92E07DA42C8DFF5300B59386 /* ViewModel */,
				92E07DCC2C92D7CA00B59386 /* ContentView */,
				92E07DA52C8DFF6000B59386 /* View */,
				92E07DA32C8DFF4300B59386 /* CustomElements */,
			);
			path = Onboarding;
			sourceTree = "<group>";
		};
		92E07D182C86109000B59386 /* Root */ = {
			isa = PBXGroup;
			children = (
				92E07D152C86109000B59386 /* RootCoordinator.swift */,
				92E07D162C86109000B59386 /* RootCoordinatorView.swift */,
				92E07D172C86109000B59386 /* RootFactory.swift */,
			);
			path = Root;
			sourceTree = "<group>";
		};
		92E07D1A2C86109000B59386 /* Authorization */ = {
			isa = PBXGroup;
			children = (
				92A66F332CA5994F00ACD36C /* Model */,
				92E07DA02C8DFD4E00B59386 /* ViewModel */,
				92E07DCB2C92D7A400B59386 /* ContentView */,
				92E07D462C8B2CC600B59386 /* Views */,
				9281A45D2CB190AD00F42612 /* Extensions */,
				92E07D412C8AF4B000B59386 /* CustomElements */,
			);
			path = Authorization;
			sourceTree = "<group>";
		};
		92E07D1E2C86109000B59386 /* View */ = {
			isa = PBXGroup;
			children = (
				92E07D1B2C86109000B59386 /* TabBarCell.swift */,
				92E07D1D2C86109000B59386 /* PopularView.swift */,
				9239ACE42D119AEA009B8688 /* SingleWaveView.swift */,
			);
			path = View;
			sourceTree = "<group>";
		};
		92E07D212C86109000B59386 /* ViewModel */ = {
			isa = PBXGroup;
			children = (
				92E07D1F2C86109000B59386 /* PopularViewModel.swift */,
			);
			path = ViewModel;
			sourceTree = "<group>";
		};
		92E07D222C86109000B59386 /* Popular */ = {
			isa = PBXGroup;
			children = (
				922906D32CFB27D600A4C59E /* Elements */,
				927482A32CBF94E900291908 /* ContentView */,
				92E07D1E2C86109000B59386 /* View */,
				92E07D212C86109000B59386 /* ViewModel */,
			);
			path = Popular;
			sourceTree = "<group>";
		};
		92E07D312C8610BE00B59386 /* Fonts */ = {
			isa = PBXGroup;
			children = (
				92E07D382C8888DD00B59386 /* Montserrat-Italic-VariableFont_wght.ttf */,
				92E07D392C8888DD00B59386 /* Montserrat-VariableFont_wght.ttf */,
				92E07D302C8610BE00B59386 /* CustomFontModifier.swift */,
			);
			path = Fonts;
			sourceTree = "<group>";
		};
		92E07D372C8888C600B59386 /* Resources */ = {
			isa = PBXGroup;
			children = (
				92E07D312C8610BE00B59386 /* Fonts */,
				92E07D052C86101500B59386 /* Assets.xcassets */,
			);
			path = Resources;
			sourceTree = "<group>";
		};
		92E07D412C8AF4B000B59386 /* CustomElements */ = {
			isa = PBXGroup;
			children = (
				EEECC6C72C91FADB00BA6EB4 /* MainBackground.swift */,
				927482A42CBFBC2000291908 /* TabBarBackground.swift */,
				92E07D352C884D6900B59386 /* AuthTextField.swift */,
				92E07D3D2C888FCF00B59386 /* ButtonAuth.swift */,
				92E07DDC2C9842F200B59386 /* ArrowButton.swift */,
				92E07D472C8B35E700B59386 /* BackButton.swift */,
				9281A45B2CB18EDC00F42612 /* ConnectWithView.swift */,
			);
			path = CustomElements;
			sourceTree = "<group>";
		};
		92E07D462C8B2CC600B59386 /* Views */ = {
			isa = PBXGroup;
			children = (
				92E07D192C86109000B59386 /* SignInView.swift */,
				92E07D422C8B077C00B59386 /* SignUpView.swift */,
				92E07D442C8B2CB300B59386 /* ForgotPasswordView.swift */,
				92E07D4B2C8B39D600B59386 /* ForgotPasswordView2.swift */,
				92E07D3F2C8AE96700B59386 /* TestView.swift */,
			);
			path = Views;
			sourceTree = "<group>";
		};
		92E07DA02C8DFD4E00B59386 /* ViewModel */ = {
			isa = PBXGroup;
			children = (
				92E07D9E2C8DFD1400B59386 /* AuthorizationViewModel.swift */,
			);
			path = ViewModel;
			sourceTree = "<group>";
		};
		92E07DA32C8DFF4300B59386 /* CustomElements */ = {
			isa = PBXGroup;
			children = (
				92E07D102C86109000B59386 /* BackgroundView.swift */,
			);
			path = CustomElements;
			sourceTree = "<group>";
		};
		92E07DA42C8DFF5300B59386 /* ViewModel */ = {
			isa = PBXGroup;
			children = (
				92E07D132C86109000B59386 /* OnboardingViewModel.swift */,
			);
			path = ViewModel;
			sourceTree = "<group>";
		};
		92E07DA52C8DFF6000B59386 /* View */ = {
			isa = PBXGroup;
			children = (
				92E07D122C86109000B59386 /* OnboardingView.swift */,
			);
			path = View;
			sourceTree = "<group>";
		};
		92E07DCB2C92D7A400B59386 /* ContentView */ = {
			isa = PBXGroup;
			children = (
				92E07DA12C8DFDDC00B59386 /* AuthorizationContentView.swift */,
			);
			path = ContentView;
			sourceTree = "<group>";
		};
		92E07DCC2C92D7CA00B59386 /* ContentView */ = {
			isa = PBXGroup;
			children = (
				92E07D112C86109000B59386 /* OnboardingContentView.swift */,
			);
			path = ContentView;
			sourceTree = "<group>";
		};
		92E07DDE2C985FFA00B59386 /* TabBar */ = {
			isa = PBXGroup;
			children = (
				92E07DDF2C98600D00B59386 /* TabBarView.swift */,
			);
			path = TabBar;
			sourceTree = "<group>";
		};
		92E07DE42C9AD51200B59386 /* Details */ = {
			isa = PBXGroup;
			children = (
				92E07DE52C9AF98F00B59386 /* DetailsView.swift */,
				92E07DE92C9AFAC600B59386 /* DetailsViewModel.swift */,
				92E07DE72C9AFAB900B59386 /* DetailsContentView.swift */,
			);
			path = Details;
			sourceTree = "<group>";
		};
		92E07DEB2C9B194700B59386 /* Views */ = {
			isa = PBXGroup;
			children = (
				92E07DEC2C9B1C8900B59386 /* PlayerView.swift */,
				9293BBFE2D0C287300F67044 /* PlayButtonView.swift */,
				9293BC002D0C288B00F67044 /* TrackButtonsView.swift */,
				92360FCD2C9C4BC4009BAFF6 /* PlayerButtonsShape.swift */,
			);
			path = Views;
			sourceTree = "<group>";
		};
/* End PBXGroup section */

/* Begin PBXNativeTarget section */
		920A01642CFEE8280068EDD0 /* NetworkServiceTests */ = {
			isa = PBXNativeTarget;
			buildConfigurationList = 920A016D2CFEE8280068EDD0 /* Build configuration list for PBXNativeTarget "NetworkServiceTests" */;
			buildPhases = (
				920A01612CFEE8280068EDD0 /* Sources */,
				920A01622CFEE8280068EDD0 /* Frameworks */,
				920A01632CFEE8280068EDD0 /* Resources */,
			);
			buildRules = (
			);
			dependencies = (
				920A016A2CFEE8280068EDD0 /* PBXTargetDependency */,
			);
			fileSystemSynchronizedGroups = (
				920A01662CFEE8280068EDD0 /* NetworkServiceTests */,
			);
			name = NetworkServiceTests;
			packageProductDependencies = (
			);
			productName = NetworkServiceTests;
			productReference = 920A01652CFEE8280068EDD0 /* NetworkServiceTests.xctest */;
			productType = "com.apple.product-type.bundle.unit-test";
		};
		92E07CFD2C86101400B59386 /* LiveRadioApp */ = {
			isa = PBXNativeTarget;
			buildConfigurationList = 92E07D0D2C86101500B59386 /* Build configuration list for PBXNativeTarget "LiveRadioApp" */;
			buildPhases = (
				92E07CFA2C86101400B59386 /* Sources */,
				92E07CFB2C86101400B59386 /* Frameworks */,
				92E07CFC2C86101400B59386 /* Resources */,
			);
			buildRules = (
			);
			dependencies = (
			);
			name = LiveRadioApp;
			packageProductDependencies = (
				92360FD02CA0191D009BAFF6 /* FirebaseAuth */,
				92360FD22CA0191D009BAFF6 /* FirebaseFirestore */,
			);
			productName = LiveRadioApp;
			productReference = 92E07CFE2C86101400B59386 /* LiveRadioApp.app */;
			productType = "com.apple.product-type.application";
		};
/* End PBXNativeTarget section */

/* Begin PBXProject section */
		92E07CF62C86101400B59386 /* Project object */ = {
			isa = PBXProject;
			attributes = {
				BuildIndependentTargetsInParallel = 1;
				LastSwiftUpdateCheck = 1610;
				LastUpgradeCheck = 1600;
				TargetAttributes = {
					920A01642CFEE8280068EDD0 = {
						CreatedOnToolsVersion = 16.1;
						TestTargetID = 92E07CFD2C86101400B59386;
					};
					92E07CFD2C86101400B59386 = {
						CreatedOnToolsVersion = 15.4;
					};
				};
			};
			buildConfigurationList = 92E07CF92C86101400B59386 /* Build configuration list for PBXProject "LiveRadioApp" */;
			compatibilityVersion = "Xcode 14.0";
			developmentRegion = en;
			hasScannedForEncodings = 0;
			knownRegions = (
				en,
				Base,
			);
			mainGroup = 92E07CF52C86101400B59386;
			packageReferences = (
				92360FCF2CA0191D009BAFF6 /* XCRemoteSwiftPackageReference "firebase-ios-sdk" */,
			);
			productRefGroup = 92E07CFF2C86101400B59386 /* Products */;
			projectDirPath = "";
			projectRoot = "";
			targets = (
				92E07CFD2C86101400B59386 /* LiveRadioApp */,
				920A01642CFEE8280068EDD0 /* NetworkServiceTests */,
			);
		};
/* End PBXProject section */

/* Begin PBXResourcesBuildPhase section */
		920A01632CFEE8280068EDD0 /* Resources */ = {
			isa = PBXResourcesBuildPhase;
			buildActionMask = 2147483647;
			files = (
			);
			runOnlyForDeploymentPostprocessing = 0;
		};
		92E07CFC2C86101400B59386 /* Resources */ = {
			isa = PBXResourcesBuildPhase;
			buildActionMask = 2147483647;
			files = (
				92E07D3B2C8888DD00B59386 /* Montserrat-VariableFont_wght.ttf in Resources */,
				92E07D0A2C86101500B59386 /* Preview Assets.xcassets in Resources */,
				92360FD52CA01A77009BAFF6 /* GoogleService-Info.plist in Resources */,
				92E07D3A2C8888DD00B59386 /* Montserrat-Italic-VariableFont_wght.ttf in Resources */,
				92E07D062C86101500B59386 /* Assets.xcassets in Resources */,
			);
			runOnlyForDeploymentPostprocessing = 0;
		};
/* End PBXResourcesBuildPhase section */

/* Begin PBXSourcesBuildPhase section */
		920A01612CFEE8280068EDD0 /* Sources */ = {
			isa = PBXSourcesBuildPhase;
			buildActionMask = 2147483647;
			files = (
			);
			runOnlyForDeploymentPostprocessing = 0;
		};
		92E07CFA2C86101400B59386 /* Sources */ = {
			isa = PBXSourcesBuildPhase;
			buildActionMask = 2147483647;
			files = (
				92A66F362CA599E700ACD36C /* Models.swift in Sources */,
				92360FCE2C9C4BC4009BAFF6 /* PlayerButtonsShape.swift in Sources */,
				92E07D9F2C8DFD1400B59386 /* AuthorizationViewModel.swift in Sources */,
				92E07DE62C9AF98F00B59386 /* DetailsView.swift in Sources */,
				9239ACE52D119AEA009B8688 /* SingleWaveView.swift in Sources */,
				922906D72CFB3C0E00A4C59E /* VolumeSlider.swift in Sources */,
				922906D52CFB27F200A4C59E /* HeaderView.swift in Sources */,
				92E07DE02C98600D00B59386 /* TabBarView.swift in Sources */,
				92BACF442CAFF52B00DC3C34 /* FactorySpy.swift in Sources */,
				92E07D2E2C86109000B59386 /* PopularViewModel.swift in Sources */,
				9233C0712D097D6100C93F79 /* Result+Async.swift in Sources */,
				92E07D322C8610BE00B59386 /* CustomFontModifier.swift in Sources */,
				92E07DDD2C9842F200B59386 /* ArrowButton.swift in Sources */,
				9293BBFF2D0C287300F67044 /* PlayButtonView.swift in Sources */,
				92E07D452C8B2CB300B59386 /* ForgotPasswordView.swift in Sources */,
				923D56662CBD5F3200797F67 /* Station.swift in Sources */,
				9281A45C2CB18EDC00F42612 /* ConnectWithView.swift in Sources */,
				925A7DE22D31756200DDA3D8 /* FavoriteStationContainer.xcdatamodeld in Sources */,
				92E07D2C2C86109000B59386 /* PopularContentView.swift in Sources */,
				926FCD972D0B413A00D43DA4 /* CellBackground.swift in Sources */,
				925A7DDC2D31732C00DDA3D8 /* FavoritesDataService.swift in Sources */,
				92E07D4C2C8B39D600B59386 /* ForgotPasswordView2.swift in Sources */,
				92802C622D29553800F4A047 /* AVPlayer.swift in Sources */,
				92E07D482C8B35E700B59386 /* BackButton.swift in Sources */,
				92E07DA22C8DFDDC00B59386 /* AuthorizationContentView.swift in Sources */,
				92E07D2D2C86109000B59386 /* PopularView.swift in Sources */,
				92E07D432C8B077C00B59386 /* SignUpView.swift in Sources */,
				92E07D232C86109000B59386 /* BackgroundView.swift in Sources */,
				92BB02E72D1846070054CA75 /* FavoritesView.swift in Sources */,
				92E07D262C86109000B59386 /* OnboardingViewModel.swift in Sources */,
				924DE1572D0B16FB0063D0AD /* RadioPlayer.swift in Sources */,
				927482A52CBFBC2000291908 /* TabBarBackground.swift in Sources */,
				92E07D2B2C86109000B59386 /* TabBarCell.swift in Sources */,
				92D14A3A2D197BAE00E56BDE /* FavoritesViewModel.swift in Sources */,
				92E07DEA2C9AFAC600B59386 /* DetailsViewModel.swift in Sources */,
				92E07D022C86101400B59386 /* LiveRadioAppApp.swift in Sources */,
				92E07D252C86109000B59386 /* OnboardingView.swift in Sources */,
				92BACF422CAFF4F800DC3C34 /* NetworkService.swift in Sources */,
				92E07DE82C9AFAB900B59386 /* DetailsContentView.swift in Sources */,
				92E07D362C884D6900B59386 /* AuthTextField.swift in Sources */,
				92E07D242C86109000B59386 /* OnboardingContentView.swift in Sources */,
				92E07D3E2C888FCF00B59386 /* ButtonAuth.swift in Sources */,
				92E07D272C86109000B59386 /* RootCoordinator.swift in Sources */,
				9293BC012D0C288B00F67044 /* TrackButtonsView.swift in Sources */,
				92D14A3F2D197DA000E56BDE /* FavoritesContentView.swift in Sources */,
				92E07D402C8AE96700B59386 /* TestView.swift in Sources */,
				EEECC6C82C91FADB00BA6EB4 /* MainBackground.swift in Sources */,
				92E07DED2C9B1C8900B59386 /* PlayerView.swift in Sources */,
				923D566B2CBD6FCC00797F67 /* Endpoint.swift in Sources */,
				92E07D292C86109000B59386 /* RootFactory.swift in Sources */,
				92E07D2A2C86109000B59386 /* SignInView.swift in Sources */,
				923D56692CBD6D4E00797F67 /* NetworkError.swift in Sources */,
				9252EFD72D22F35100A8A382 /* Array + subscript.swift in Sources */,
				9252EFD92D22F43400A8A382 /* Zipper.swift in Sources */,
				9281A45F2CB190C900F42612 /* Button+AsyncAction.swift in Sources */,
				92E07D282C86109000B59386 /* RootCoordinatorView.swift in Sources */,
			);
			runOnlyForDeploymentPostprocessing = 0;
		};
/* End PBXSourcesBuildPhase section */

/* Begin PBXTargetDependency section */
		920A016A2CFEE8280068EDD0 /* PBXTargetDependency */ = {
			isa = PBXTargetDependency;
			target = 92E07CFD2C86101400B59386 /* LiveRadioApp */;
			targetProxy = 920A01692CFEE8280068EDD0 /* PBXContainerItemProxy */;
		};
/* End PBXTargetDependency section */

/* Begin XCBuildConfiguration section */
		920A016B2CFEE8280068EDD0 /* Debug */ = {
			isa = XCBuildConfiguration;
			buildSettings = {
				BUNDLE_LOADER = "$(TEST_HOST)";
				CODE_SIGN_STYLE = Automatic;
				CURRENT_PROJECT_VERSION = 1;
				DEVELOPMENT_TEAM = 4YW4KD9KAN;
				GENERATE_INFOPLIST_FILE = YES;
				IPHONEOS_DEPLOYMENT_TARGET = 18.0;
				MARKETING_VERSION = 1.0;
				PRODUCT_BUNDLE_IDENTIFIER = abc.NetworkServiceTests;
				PRODUCT_NAME = "$(TARGET_NAME)";
				SDKROOT = iphoneos;
				SUPPORTED_PLATFORMS = "iphoneos iphonesimulator";
				SUPPORTS_MACCATALYST = NO;
				SUPPORTS_MAC_DESIGNED_FOR_IPHONE_IPAD = NO;
				SUPPORTS_XR_DESIGNED_FOR_IPHONE_IPAD = NO;
				SWIFT_EMIT_LOC_STRINGS = NO;
				SWIFT_VERSION = 5.0;
				TARGETED_DEVICE_FAMILY = 1;
				TEST_HOST = "$(BUILT_PRODUCTS_DIR)/LiveRadioApp.app/$(BUNDLE_EXECUTABLE_FOLDER_PATH)/LiveRadioApp";
			};
			name = Debug;
		};
		920A016C2CFEE8280068EDD0 /* Release */ = {
			isa = XCBuildConfiguration;
			buildSettings = {
				BUNDLE_LOADER = "$(TEST_HOST)";
				CODE_SIGN_STYLE = Automatic;
				CURRENT_PROJECT_VERSION = 1;
				DEVELOPMENT_TEAM = 4YW4KD9KAN;
				GENERATE_INFOPLIST_FILE = YES;
				IPHONEOS_DEPLOYMENT_TARGET = 18.0;
				MARKETING_VERSION = 1.0;
				PRODUCT_BUNDLE_IDENTIFIER = abc.NetworkServiceTests;
				PRODUCT_NAME = "$(TARGET_NAME)";
				SDKROOT = iphoneos;
				SUPPORTED_PLATFORMS = "iphoneos iphonesimulator";
				SUPPORTS_MACCATALYST = NO;
				SUPPORTS_MAC_DESIGNED_FOR_IPHONE_IPAD = NO;
				SUPPORTS_XR_DESIGNED_FOR_IPHONE_IPAD = NO;
				SWIFT_EMIT_LOC_STRINGS = NO;
				SWIFT_VERSION = 5.0;
				TARGETED_DEVICE_FAMILY = 1;
				TEST_HOST = "$(BUILT_PRODUCTS_DIR)/LiveRadioApp.app/$(BUNDLE_EXECUTABLE_FOLDER_PATH)/LiveRadioApp";
				VALIDATE_PRODUCT = YES;
			};
			name = Release;
		};
		92E07D0B2C86101500B59386 /* Debug */ = {
			isa = XCBuildConfiguration;
			buildSettings = {
				ALWAYS_SEARCH_USER_PATHS = NO;
				ASSETCATALOG_COMPILER_GENERATE_SWIFT_ASSET_SYMBOL_EXTENSIONS = YES;
				CLANG_ANALYZER_NONNULL = YES;
				CLANG_ANALYZER_NUMBER_OBJECT_CONVERSION = YES_AGGRESSIVE;
				CLANG_CXX_LANGUAGE_STANDARD = "gnu++20";
				CLANG_ENABLE_MODULES = YES;
				CLANG_ENABLE_OBJC_ARC = YES;
				CLANG_ENABLE_OBJC_WEAK = YES;
				CLANG_WARN_BLOCK_CAPTURE_AUTORELEASING = YES;
				CLANG_WARN_BOOL_CONVERSION = YES;
				CLANG_WARN_COMMA = YES;
				CLANG_WARN_CONSTANT_CONVERSION = YES;
				CLANG_WARN_DEPRECATED_OBJC_IMPLEMENTATIONS = YES;
				CLANG_WARN_DIRECT_OBJC_ISA_USAGE = YES_ERROR;
				CLANG_WARN_DOCUMENTATION_COMMENTS = YES;
				CLANG_WARN_EMPTY_BODY = YES;
				CLANG_WARN_ENUM_CONVERSION = YES;
				CLANG_WARN_INFINITE_RECURSION = YES;
				CLANG_WARN_INT_CONVERSION = YES;
				CLANG_WARN_NON_LITERAL_NULL_CONVERSION = YES;
				CLANG_WARN_OBJC_IMPLICIT_RETAIN_SELF = YES;
				CLANG_WARN_OBJC_LITERAL_CONVERSION = YES;
				CLANG_WARN_OBJC_ROOT_CLASS = YES_ERROR;
				CLANG_WARN_QUOTED_INCLUDE_IN_FRAMEWORK_HEADER = YES;
				CLANG_WARN_RANGE_LOOP_ANALYSIS = YES;
				CLANG_WARN_STRICT_PROTOTYPES = YES;
				CLANG_WARN_SUSPICIOUS_MOVE = YES;
				CLANG_WARN_UNGUARDED_AVAILABILITY = YES_AGGRESSIVE;
				CLANG_WARN_UNREACHABLE_CODE = YES;
				CLANG_WARN__DUPLICATE_METHOD_MATCH = YES;
				COPY_PHASE_STRIP = NO;
				DEAD_CODE_STRIPPING = YES;
				DEBUG_INFORMATION_FORMAT = dwarf;
				ENABLE_STRICT_OBJC_MSGSEND = YES;
				ENABLE_TESTABILITY = YES;
				ENABLE_USER_SCRIPT_SANDBOXING = YES;
				GCC_C_LANGUAGE_STANDARD = gnu17;
				GCC_DYNAMIC_NO_PIC = NO;
				GCC_NO_COMMON_BLOCKS = YES;
				GCC_OPTIMIZATION_LEVEL = 0;
				GCC_PREPROCESSOR_DEFINITIONS = (
					"DEBUG=1",
					"$(inherited)",
				);
				GCC_WARN_64_TO_32_BIT_CONVERSION = YES;
				GCC_WARN_ABOUT_RETURN_TYPE = YES_ERROR;
				GCC_WARN_UNDECLARED_SELECTOR = YES;
				GCC_WARN_UNINITIALIZED_AUTOS = YES_AGGRESSIVE;
				GCC_WARN_UNUSED_FUNCTION = YES;
				GCC_WARN_UNUSED_VARIABLE = YES;
				LOCALIZATION_PREFERS_STRING_CATALOGS = YES;
				MTL_ENABLE_DEBUG_INFO = INCLUDE_SOURCE;
				MTL_FAST_MATH = YES;
				ONLY_ACTIVE_ARCH = YES;
				SWIFT_ACTIVE_COMPILATION_CONDITIONS = "DEBUG $(inherited)";
				SWIFT_OPTIMIZATION_LEVEL = "-Onone";
			};
			name = Debug;
		};
		92E07D0C2C86101500B59386 /* Release */ = {
			isa = XCBuildConfiguration;
			buildSettings = {
				ALWAYS_SEARCH_USER_PATHS = NO;
				ASSETCATALOG_COMPILER_GENERATE_SWIFT_ASSET_SYMBOL_EXTENSIONS = YES;
				CLANG_ANALYZER_NONNULL = YES;
				CLANG_ANALYZER_NUMBER_OBJECT_CONVERSION = YES_AGGRESSIVE;
				CLANG_CXX_LANGUAGE_STANDARD = "gnu++20";
				CLANG_ENABLE_MODULES = YES;
				CLANG_ENABLE_OBJC_ARC = YES;
				CLANG_ENABLE_OBJC_WEAK = YES;
				CLANG_WARN_BLOCK_CAPTURE_AUTORELEASING = YES;
				CLANG_WARN_BOOL_CONVERSION = YES;
				CLANG_WARN_COMMA = YES;
				CLANG_WARN_CONSTANT_CONVERSION = YES;
				CLANG_WARN_DEPRECATED_OBJC_IMPLEMENTATIONS = YES;
				CLANG_WARN_DIRECT_OBJC_ISA_USAGE = YES_ERROR;
				CLANG_WARN_DOCUMENTATION_COMMENTS = YES;
				CLANG_WARN_EMPTY_BODY = YES;
				CLANG_WARN_ENUM_CONVERSION = YES;
				CLANG_WARN_INFINITE_RECURSION = YES;
				CLANG_WARN_INT_CONVERSION = YES;
				CLANG_WARN_NON_LITERAL_NULL_CONVERSION = YES;
				CLANG_WARN_OBJC_IMPLICIT_RETAIN_SELF = YES;
				CLANG_WARN_OBJC_LITERAL_CONVERSION = YES;
				CLANG_WARN_OBJC_ROOT_CLASS = YES_ERROR;
				CLANG_WARN_QUOTED_INCLUDE_IN_FRAMEWORK_HEADER = YES;
				CLANG_WARN_RANGE_LOOP_ANALYSIS = YES;
				CLANG_WARN_STRICT_PROTOTYPES = YES;
				CLANG_WARN_SUSPICIOUS_MOVE = YES;
				CLANG_WARN_UNGUARDED_AVAILABILITY = YES_AGGRESSIVE;
				CLANG_WARN_UNREACHABLE_CODE = YES;
				CLANG_WARN__DUPLICATE_METHOD_MATCH = YES;
				COPY_PHASE_STRIP = NO;
				DEAD_CODE_STRIPPING = YES;
				DEBUG_INFORMATION_FORMAT = "dwarf-with-dsym";
				ENABLE_NS_ASSERTIONS = NO;
				ENABLE_STRICT_OBJC_MSGSEND = YES;
				ENABLE_USER_SCRIPT_SANDBOXING = YES;
				GCC_C_LANGUAGE_STANDARD = gnu17;
				GCC_NO_COMMON_BLOCKS = YES;
				GCC_WARN_64_TO_32_BIT_CONVERSION = YES;
				GCC_WARN_ABOUT_RETURN_TYPE = YES_ERROR;
				GCC_WARN_UNDECLARED_SELECTOR = YES;
				GCC_WARN_UNINITIALIZED_AUTOS = YES_AGGRESSIVE;
				GCC_WARN_UNUSED_FUNCTION = YES;
				GCC_WARN_UNUSED_VARIABLE = YES;
				LOCALIZATION_PREFERS_STRING_CATALOGS = YES;
				MTL_ENABLE_DEBUG_INFO = NO;
				MTL_FAST_MATH = YES;
				SWIFT_COMPILATION_MODE = wholemodule;
			};
			name = Release;
		};
		92E07D0E2C86101500B59386 /* Debug */ = {
			isa = XCBuildConfiguration;
			buildSettings = {
				ASSETCATALOG_COMPILER_APPICON_NAME = AppIcon;
				ASSETCATALOG_COMPILER_GLOBAL_ACCENT_COLOR_NAME = AccentColor;
				CODE_SIGN_ENTITLEMENTS = LiveRadioApp/LiveRadioApp.entitlements;
				CODE_SIGN_STYLE = Automatic;
				CURRENT_PROJECT_VERSION = 1;
				DEAD_CODE_STRIPPING = YES;
				DEVELOPMENT_ASSET_PATHS = "\"LiveRadioApp/Preview Content\"";
				DEVELOPMENT_TEAM = 4YW4KD9KAN;
				ENABLE_HARDENED_RUNTIME = YES;
				ENABLE_PREVIEWS = YES;
				GENERATE_INFOPLIST_FILE = YES;
				INFOPLIST_FILE = LiveRadioApp/Info.plist;
				INFOPLIST_KEY_LSApplicationCategoryType = "";
				"INFOPLIST_KEY_UIApplicationSceneManifest_Generation[sdk=iphoneos*]" = YES;
				"INFOPLIST_KEY_UIApplicationSceneManifest_Generation[sdk=iphonesimulator*]" = YES;
				"INFOPLIST_KEY_UIApplicationSupportsIndirectInputEvents[sdk=iphoneos*]" = YES;
				"INFOPLIST_KEY_UIApplicationSupportsIndirectInputEvents[sdk=iphonesimulator*]" = YES;
				"INFOPLIST_KEY_UILaunchScreen_Generation[sdk=iphoneos*]" = YES;
				"INFOPLIST_KEY_UILaunchScreen_Generation[sdk=iphonesimulator*]" = YES;
				"INFOPLIST_KEY_UIStatusBarStyle[sdk=iphoneos*]" = UIStatusBarStyleDefault;
				"INFOPLIST_KEY_UIStatusBarStyle[sdk=iphonesimulator*]" = UIStatusBarStyleDefault;
				INFOPLIST_KEY_UISupportedInterfaceOrientations_iPad = "UIInterfaceOrientationPortrait UIInterfaceOrientationPortraitUpsideDown UIInterfaceOrientationLandscapeLeft UIInterfaceOrientationLandscapeRight";
				INFOPLIST_KEY_UISupportedInterfaceOrientations_iPhone = "UIInterfaceOrientationPortrait UIInterfaceOrientationLandscapeLeft UIInterfaceOrientationLandscapeRight";
				IPHONEOS_DEPLOYMENT_TARGET = 15.0;
				LD_RUNPATH_SEARCH_PATHS = "@executable_path/Frameworks";
				"LD_RUNPATH_SEARCH_PATHS[sdk=macosx*]" = "@executable_path/../Frameworks";
				MACOSX_DEPLOYMENT_TARGET = 14.5;
				MARKETING_VERSION = 1.0;
				PRODUCT_BUNDLE_IDENTIFIER = abc.LiveRadioApp;
				PRODUCT_NAME = "$(TARGET_NAME)";
				SDKROOT = auto;
				SUPPORTED_PLATFORMS = "iphoneos iphonesimulator";
				SUPPORTS_MACCATALYST = NO;
				SWIFT_EMIT_LOC_STRINGS = YES;
				SWIFT_VERSION = 5.0;
				TARGETED_DEVICE_FAMILY = 1;
			};
			name = Debug;
		};
		92E07D0F2C86101500B59386 /* Release */ = {
			isa = XCBuildConfiguration;
			buildSettings = {
				ASSETCATALOG_COMPILER_APPICON_NAME = AppIcon;
				ASSETCATALOG_COMPILER_GLOBAL_ACCENT_COLOR_NAME = AccentColor;
				CODE_SIGN_ENTITLEMENTS = LiveRadioApp/LiveRadioApp.entitlements;
				CODE_SIGN_STYLE = Automatic;
				CURRENT_PROJECT_VERSION = 1;
				DEAD_CODE_STRIPPING = YES;
				DEVELOPMENT_ASSET_PATHS = "\"LiveRadioApp/Preview Content\"";
				DEVELOPMENT_TEAM = 4YW4KD9KAN;
				ENABLE_HARDENED_RUNTIME = YES;
				ENABLE_PREVIEWS = YES;
				GENERATE_INFOPLIST_FILE = YES;
				INFOPLIST_FILE = LiveRadioApp/Info.plist;
				INFOPLIST_KEY_LSApplicationCategoryType = "";
				"INFOPLIST_KEY_UIApplicationSceneManifest_Generation[sdk=iphoneos*]" = YES;
				"INFOPLIST_KEY_UIApplicationSceneManifest_Generation[sdk=iphonesimulator*]" = YES;
				"INFOPLIST_KEY_UIApplicationSupportsIndirectInputEvents[sdk=iphoneos*]" = YES;
				"INFOPLIST_KEY_UIApplicationSupportsIndirectInputEvents[sdk=iphonesimulator*]" = YES;
				"INFOPLIST_KEY_UILaunchScreen_Generation[sdk=iphoneos*]" = YES;
				"INFOPLIST_KEY_UILaunchScreen_Generation[sdk=iphonesimulator*]" = YES;
				"INFOPLIST_KEY_UIStatusBarStyle[sdk=iphoneos*]" = UIStatusBarStyleDefault;
				"INFOPLIST_KEY_UIStatusBarStyle[sdk=iphonesimulator*]" = UIStatusBarStyleDefault;
				INFOPLIST_KEY_UISupportedInterfaceOrientations_iPad = "UIInterfaceOrientationPortrait UIInterfaceOrientationPortraitUpsideDown UIInterfaceOrientationLandscapeLeft UIInterfaceOrientationLandscapeRight";
				INFOPLIST_KEY_UISupportedInterfaceOrientations_iPhone = "UIInterfaceOrientationPortrait UIInterfaceOrientationLandscapeLeft UIInterfaceOrientationLandscapeRight";
				IPHONEOS_DEPLOYMENT_TARGET = 15.0;
				LD_RUNPATH_SEARCH_PATHS = "@executable_path/Frameworks";
				"LD_RUNPATH_SEARCH_PATHS[sdk=macosx*]" = "@executable_path/../Frameworks";
				MACOSX_DEPLOYMENT_TARGET = 14.5;
				MARKETING_VERSION = 1.0;
				PRODUCT_BUNDLE_IDENTIFIER = abc.LiveRadioApp;
				PRODUCT_NAME = "$(TARGET_NAME)";
				SDKROOT = auto;
				SUPPORTED_PLATFORMS = "iphoneos iphonesimulator";
				SUPPORTS_MACCATALYST = NO;
				SWIFT_EMIT_LOC_STRINGS = YES;
				SWIFT_VERSION = 5.0;
				TARGETED_DEVICE_FAMILY = 1;
			};
			name = Release;
		};
/* End XCBuildConfiguration section */

/* Begin XCConfigurationList section */
		920A016D2CFEE8280068EDD0 /* Build configuration list for PBXNativeTarget "NetworkServiceTests" */ = {
			isa = XCConfigurationList;
			buildConfigurations = (
				920A016B2CFEE8280068EDD0 /* Debug */,
				920A016C2CFEE8280068EDD0 /* Release */,
			);
			defaultConfigurationIsVisible = 0;
			defaultConfigurationName = Release;
		};
		92E07CF92C86101400B59386 /* Build configuration list for PBXProject "LiveRadioApp" */ = {
			isa = XCConfigurationList;
			buildConfigurations = (
				92E07D0B2C86101500B59386 /* Debug */,
				92E07D0C2C86101500B59386 /* Release */,
			);
			defaultConfigurationIsVisible = 0;
			defaultConfigurationName = Release;
		};
		92E07D0D2C86101500B59386 /* Build configuration list for PBXNativeTarget "LiveRadioApp" */ = {
			isa = XCConfigurationList;
			buildConfigurations = (
				92E07D0E2C86101500B59386 /* Debug */,
				92E07D0F2C86101500B59386 /* Release */,
			);
			defaultConfigurationIsVisible = 0;
			defaultConfigurationName = Release;
		};
/* End XCConfigurationList section */

/* Begin XCRemoteSwiftPackageReference section */
		92360FCF2CA0191D009BAFF6 /* XCRemoteSwiftPackageReference "firebase-ios-sdk" */ = {
			isa = XCRemoteSwiftPackageReference;
			repositoryURL = "https://github.com/firebase/firebase-ios-sdk.git";
			requirement = {
				kind = upToNextMajorVersion;
				minimumVersion = 11.2.0;
			};
		};
/* End XCRemoteSwiftPackageReference section */

/* Begin XCSwiftPackageProductDependency section */
		92360FD02CA0191D009BAFF6 /* FirebaseAuth */ = {
			isa = XCSwiftPackageProductDependency;
			package = 92360FCF2CA0191D009BAFF6 /* XCRemoteSwiftPackageReference "firebase-ios-sdk" */;
			productName = FirebaseAuth;
		};
		92360FD22CA0191D009BAFF6 /* FirebaseFirestore */ = {
			isa = XCSwiftPackageProductDependency;
			package = 92360FCF2CA0191D009BAFF6 /* XCRemoteSwiftPackageReference "firebase-ios-sdk" */;
			productName = FirebaseFirestore;
		};
/* End XCSwiftPackageProductDependency section */

/* Begin XCVersionGroup section */
		925A7DE02D31756200DDA3D8 /* FavoriteStationContainer.xcdatamodeld */ = {
			isa = XCVersionGroup;
			children = (
				925A7DE12D31756200DDA3D8 /* FavoriteStationContainer.xcdatamodel */,
			);
			currentVersion = 925A7DE12D31756200DDA3D8 /* FavoriteStationContainer.xcdatamodel */;
			path = FavoriteStationContainer.xcdatamodeld;
			sourceTree = "<group>";
			versionGroupType = wrapper.xcdatamodel;
		};
/* End XCVersionGroup section */
	};
	rootObject = 92E07CF62C86101400B59386 /* Project object */;
}
